// !$*UTF8*$!
{
	archiveVersion = 1;
	classes = {
	};
	objectVersion = 46;
	objects = {

/* Begin PBXBuildFile section */
		46F17142EE1B6484F358A328 /* Pods_taiga_client_ios.framework in Frameworks */ = {isa = PBXBuildFile; fileRef = 581DDF2247ABEBD787A48550 /* Pods_taiga_client_ios.framework */; };
		8512B89B9D81F96A1ACA1D77 /* Pods_taiga_client_iosUITests.framework in Frameworks */ = {isa = PBXBuildFile; fileRef = 69C060362E422E02D104C7C1 /* Pods_taiga_client_iosUITests.framework */; };
		A93F261788B83805DA03D42A /* Pods_taiga_client_iosTests.framework in Frameworks */ = {isa = PBXBuildFile; fileRef = D427F40F9042C684B9F59147 /* Pods_taiga_client_iosTests.framework */; };
		B43EDA671E5852C000FA1357 /* ProjectDetail.swift in Sources */ = {isa = PBXBuildFile; fileRef = B43EDA661E5852C000FA1357 /* ProjectDetail.swift */; };
		B43EDA691E58550400FA1357 /* UserService.swift in Sources */ = {isa = PBXBuildFile; fileRef = B43EDA681E58550400FA1357 /* UserService.swift */; };
		B43EDA6B1E5856DB00FA1357 /* UserManager.swift in Sources */ = {isa = PBXBuildFile; fileRef = B43EDA6A1E5856DB00FA1357 /* UserManager.swift */; };
		B43EDA6D1E5857D000FA1357 /* UserDetail.swift in Sources */ = {isa = PBXBuildFile; fileRef = B43EDA6C1E5857D000FA1357 /* UserDetail.swift */; };
		B44775C11E5322FC0026C5A1 /* ProjectOverviewViewController.swift in Sources */ = {isa = PBXBuildFile; fileRef = B44775C01E5322FC0026C5A1 /* ProjectOverviewViewController.swift */; };
		B44775C31E53242C0026C5A1 /* ProjectService.swift in Sources */ = {isa = PBXBuildFile; fileRef = B44775C21E53242C0026C5A1 /* ProjectService.swift */; };
		B44775C51E5326CE0026C5A1 /* ProjectManager.swift in Sources */ = {isa = PBXBuildFile; fileRef = B44775C41E5326CE0026C5A1 /* ProjectManager.swift */; };
		B44775C71E5329BD0026C5A1 /* ProjectListEntry.swift in Sources */ = {isa = PBXBuildFile; fileRef = B44775C61E5329BD0026C5A1 /* ProjectListEntry.swift */; };
		B44775C91E5339360026C5A1 /* TaigaAccessTokenPlugin.swift in Sources */ = {isa = PBXBuildFile; fileRef = B44775C81E5339360026C5A1 /* TaigaAccessTokenPlugin.swift */; };
		B44775CC1E545C3C0026C5A1 /* PaginationPlugin.swift in Sources */ = {isa = PBXBuildFile; fileRef = B44775CB1E545C3C0026C5A1 /* PaginationPlugin.swift */; };
		B45BBCFA1E51D7D7009ECB5A /* AuthenticationService.swift in Sources */ = {isa = PBXBuildFile; fileRef = B45BBCF91E51D7D7009ECB5A /* AuthenticationService.swift */; };
		B45BBCFD1E51DE0C009ECB5A /* TaigaSettings.swift in Sources */ = {isa = PBXBuildFile; fileRef = B45BBCFC1E51DE0C009ECB5A /* TaigaSettings.swift */; };
		B480C1D21E51E71600A41AD1 /* AuthenticationManager.swift in Sources */ = {isa = PBXBuildFile; fileRef = B480C1D11E51E71600A41AD1 /* AuthenticationManager.swift */; };
		B480C1D51E51E8FB00A41AD1 /* UserAuthenticationDetail.swift in Sources */ = {isa = PBXBuildFile; fileRef = B480C1D41E51E8FB00A41AD1 /* UserAuthenticationDetail.swift */; };
		B4C2A4581E51B1DB000A92CF /* AppDelegate.swift in Sources */ = {isa = PBXBuildFile; fileRef = B4C2A4571E51B1DB000A92CF /* AppDelegate.swift */; };
		B4C2A45A1E51B1DB000A92CF /* LoginViewController.swift in Sources */ = {isa = PBXBuildFile; fileRef = B4C2A4591E51B1DB000A92CF /* LoginViewController.swift */; };
		B4C2A45D1E51B1DB000A92CF /* Main.storyboard in Resources */ = {isa = PBXBuildFile; fileRef = B4C2A45B1E51B1DB000A92CF /* Main.storyboard */; };
		B4C2A4601E51B1DB000A92CF /* taiga_client_ios.xcdatamodeld in Sources */ = {isa = PBXBuildFile; fileRef = B4C2A45E1E51B1DB000A92CF /* taiga_client_ios.xcdatamodeld */; };
		B4C2A4621E51B1DB000A92CF /* Assets.xcassets in Resources */ = {isa = PBXBuildFile; fileRef = B4C2A4611E51B1DB000A92CF /* Assets.xcassets */; };
		B4C2A4651E51B1DB000A92CF /* LaunchScreen.storyboard in Resources */ = {isa = PBXBuildFile; fileRef = B4C2A4631E51B1DB000A92CF /* LaunchScreen.storyboard */; };
		B4C2A4701E51B1DB000A92CF /* taiga_client_iosTests.swift in Sources */ = {isa = PBXBuildFile; fileRef = B4C2A46F1E51B1DB000A92CF /* taiga_client_iosTests.swift */; };
		B4C2A47B1E51B1DB000A92CF /* taiga_client_iosUITests.swift in Sources */ = {isa = PBXBuildFile; fileRef = B4C2A47A1E51B1DB000A92CF /* taiga_client_iosUITests.swift */; };
/* End PBXBuildFile section */

/* Begin PBXContainerItemProxy section */
		B4C2A46C1E51B1DB000A92CF /* PBXContainerItemProxy */ = {
			isa = PBXContainerItemProxy;
			containerPortal = B4C2A44C1E51B1DB000A92CF /* Project object */;
			proxyType = 1;
			remoteGlobalIDString = B4C2A4531E51B1DB000A92CF;
			remoteInfo = "taiga-client-ios";
		};
		B4C2A4771E51B1DB000A92CF /* PBXContainerItemProxy */ = {
			isa = PBXContainerItemProxy;
			containerPortal = B4C2A44C1E51B1DB000A92CF /* Project object */;
			proxyType = 1;
			remoteGlobalIDString = B4C2A4531E51B1DB000A92CF;
			remoteInfo = "taiga-client-ios";
		};
/* End PBXContainerItemProxy section */

/* Begin PBXFileReference section */
		3C4BA92FB7FD1097D32DBBDA /* Pods-taiga-client-ios.debug.xcconfig */ = {isa = PBXFileReference; includeInIndex = 1; lastKnownFileType = text.xcconfig; name = "Pods-taiga-client-ios.debug.xcconfig"; path = "Pods/Target Support Files/Pods-taiga-client-ios/Pods-taiga-client-ios.debug.xcconfig"; sourceTree = "<group>"; };
		581DDF2247ABEBD787A48550 /* Pods_taiga_client_ios.framework */ = {isa = PBXFileReference; explicitFileType = wrapper.framework; includeInIndex = 0; path = Pods_taiga_client_ios.framework; sourceTree = BUILT_PRODUCTS_DIR; };
		69C060362E422E02D104C7C1 /* Pods_taiga_client_iosUITests.framework */ = {isa = PBXFileReference; explicitFileType = wrapper.framework; includeInIndex = 0; path = Pods_taiga_client_iosUITests.framework; sourceTree = BUILT_PRODUCTS_DIR; };
		7DE4B01FDC460C2D49984A5C /* Pods-taiga-client-iosTests.debug.xcconfig */ = {isa = PBXFileReference; includeInIndex = 1; lastKnownFileType = text.xcconfig; name = "Pods-taiga-client-iosTests.debug.xcconfig"; path = "Pods/Target Support Files/Pods-taiga-client-iosTests/Pods-taiga-client-iosTests.debug.xcconfig"; sourceTree = "<group>"; };
		808CCCA0ADBAF948EC6150D8 /* Pods-taiga-client-iosUITests.release.xcconfig */ = {isa = PBXFileReference; includeInIndex = 1; lastKnownFileType = text.xcconfig; name = "Pods-taiga-client-iosUITests.release.xcconfig"; path = "Pods/Target Support Files/Pods-taiga-client-iosUITests/Pods-taiga-client-iosUITests.release.xcconfig"; sourceTree = "<group>"; };
		86512E550DA31C495B14847A /* Pods-taiga-client-ios.release.xcconfig */ = {isa = PBXFileReference; includeInIndex = 1; lastKnownFileType = text.xcconfig; name = "Pods-taiga-client-ios.release.xcconfig"; path = "Pods/Target Support Files/Pods-taiga-client-ios/Pods-taiga-client-ios.release.xcconfig"; sourceTree = "<group>"; };
		B43EDA661E5852C000FA1357 /* ProjectDetail.swift */ = {isa = PBXFileReference; fileEncoding = 4; lastKnownFileType = sourcecode.swift; path = ProjectDetail.swift; sourceTree = "<group>"; };
		B43EDA681E58550400FA1357 /* UserService.swift */ = {isa = PBXFileReference; fileEncoding = 4; lastKnownFileType = sourcecode.swift; path = UserService.swift; sourceTree = "<group>"; };
		B43EDA6A1E5856DB00FA1357 /* UserManager.swift */ = {isa = PBXFileReference; fileEncoding = 4; lastKnownFileType = sourcecode.swift; path = UserManager.swift; sourceTree = "<group>"; };
		B43EDA6C1E5857D000FA1357 /* UserDetail.swift */ = {isa = PBXFileReference; fileEncoding = 4; lastKnownFileType = sourcecode.swift; path = UserDetail.swift; sourceTree = "<group>"; };
		B44775C01E5322FC0026C5A1 /* ProjectOverviewViewController.swift */ = {isa = PBXFileReference; fileEncoding = 4; lastKnownFileType = sourcecode.swift; path = ProjectOverviewViewController.swift; sourceTree = "<group>"; };
		B44775C21E53242C0026C5A1 /* ProjectService.swift */ = {isa = PBXFileReference; fileEncoding = 4; lastKnownFileType = sourcecode.swift; path = ProjectService.swift; sourceTree = "<group>"; };
		B44775C41E5326CE0026C5A1 /* ProjectManager.swift */ = {isa = PBXFileReference; fileEncoding = 4; lastKnownFileType = sourcecode.swift; path = ProjectManager.swift; sourceTree = "<group>"; };
		B44775C61E5329BD0026C5A1 /* ProjectListEntry.swift */ = {isa = PBXFileReference; fileEncoding = 4; lastKnownFileType = sourcecode.swift; path = ProjectListEntry.swift; sourceTree = "<group>"; };
		B44775C81E5339360026C5A1 /* TaigaAccessTokenPlugin.swift */ = {isa = PBXFileReference; fileEncoding = 4; lastKnownFileType = sourcecode.swift; path = TaigaAccessTokenPlugin.swift; sourceTree = "<group>"; };
		B44775CB1E545C3C0026C5A1 /* PaginationPlugin.swift */ = {isa = PBXFileReference; fileEncoding = 4; lastKnownFileType = sourcecode.swift; path = PaginationPlugin.swift; sourceTree = "<group>"; };
		B45BBCF91E51D7D7009ECB5A /* AuthenticationService.swift */ = {isa = PBXFileReference; fileEncoding = 4; lastKnownFileType = sourcecode.swift; path = AuthenticationService.swift; sourceTree = "<group>"; };
		B45BBCFC1E51DE0C009ECB5A /* TaigaSettings.swift */ = {isa = PBXFileReference; fileEncoding = 4; lastKnownFileType = sourcecode.swift; path = TaigaSettings.swift; sourceTree = "<group>"; };
		B480C1D11E51E71600A41AD1 /* AuthenticationManager.swift */ = {isa = PBXFileReference; fileEncoding = 4; lastKnownFileType = sourcecode.swift; path = AuthenticationManager.swift; sourceTree = "<group>"; };
		B480C1D41E51E8FB00A41AD1 /* UserAuthenticationDetail.swift */ = {isa = PBXFileReference; fileEncoding = 4; lastKnownFileType = sourcecode.swift; path = UserAuthenticationDetail.swift; sourceTree = "<group>"; };
		B4C2A4541E51B1DB000A92CF /* taiga-client-ios.app */ = {isa = PBXFileReference; explicitFileType = wrapper.application; includeInIndex = 0; path = "taiga-client-ios.app"; sourceTree = BUILT_PRODUCTS_DIR; };
		B4C2A4571E51B1DB000A92CF /* AppDelegate.swift */ = {isa = PBXFileReference; lastKnownFileType = sourcecode.swift; path = AppDelegate.swift; sourceTree = "<group>"; };
		B4C2A4591E51B1DB000A92CF /* LoginViewController.swift */ = {isa = PBXFileReference; lastKnownFileType = sourcecode.swift; path = LoginViewController.swift; sourceTree = "<group>"; };
		B4C2A45C1E51B1DB000A92CF /* Base */ = {isa = PBXFileReference; lastKnownFileType = file.storyboard; name = Base; path = Base.lproj/Main.storyboard; sourceTree = "<group>"; };
		B4C2A45F1E51B1DB000A92CF /* taiga_client_ios.xcdatamodel */ = {isa = PBXFileReference; lastKnownFileType = wrapper.xcdatamodel; path = taiga_client_ios.xcdatamodel; sourceTree = "<group>"; };
		B4C2A4611E51B1DB000A92CF /* Assets.xcassets */ = {isa = PBXFileReference; lastKnownFileType = folder.assetcatalog; path = Assets.xcassets; sourceTree = "<group>"; };
		B4C2A4641E51B1DB000A92CF /* Base */ = {isa = PBXFileReference; lastKnownFileType = file.storyboard; name = Base; path = Base.lproj/LaunchScreen.storyboard; sourceTree = "<group>"; };
		B4C2A4661E51B1DB000A92CF /* Info.plist */ = {isa = PBXFileReference; lastKnownFileType = text.plist.xml; path = Info.plist; sourceTree = "<group>"; };
		B4C2A46B1E51B1DB000A92CF /* taiga-client-iosTests.xctest */ = {isa = PBXFileReference; explicitFileType = wrapper.cfbundle; includeInIndex = 0; path = "taiga-client-iosTests.xctest"; sourceTree = BUILT_PRODUCTS_DIR; };
		B4C2A46F1E51B1DB000A92CF /* taiga_client_iosTests.swift */ = {isa = PBXFileReference; lastKnownFileType = sourcecode.swift; path = taiga_client_iosTests.swift; sourceTree = "<group>"; };
		B4C2A4711E51B1DB000A92CF /* Info.plist */ = {isa = PBXFileReference; lastKnownFileType = text.plist.xml; path = Info.plist; sourceTree = "<group>"; };
		B4C2A4761E51B1DB000A92CF /* taiga-client-iosUITests.xctest */ = {isa = PBXFileReference; explicitFileType = wrapper.cfbundle; includeInIndex = 0; path = "taiga-client-iosUITests.xctest"; sourceTree = BUILT_PRODUCTS_DIR; };
		B4C2A47A1E51B1DB000A92CF /* taiga_client_iosUITests.swift */ = {isa = PBXFileReference; lastKnownFileType = sourcecode.swift; path = taiga_client_iosUITests.swift; sourceTree = "<group>"; };
		B4C2A47C1E51B1DB000A92CF /* Info.plist */ = {isa = PBXFileReference; lastKnownFileType = text.plist.xml; path = Info.plist; sourceTree = "<group>"; };
		B77A4A6E00B47878835153E0 /* Pods-taiga-client-iosUITests.debug.xcconfig */ = {isa = PBXFileReference; includeInIndex = 1; lastKnownFileType = text.xcconfig; name = "Pods-taiga-client-iosUITests.debug.xcconfig"; path = "Pods/Target Support Files/Pods-taiga-client-iosUITests/Pods-taiga-client-iosUITests.debug.xcconfig"; sourceTree = "<group>"; };
		B9EE5E1618713DED34C3D4E2 /* Pods-taiga-client-iosTests.release.xcconfig */ = {isa = PBXFileReference; includeInIndex = 1; lastKnownFileType = text.xcconfig; name = "Pods-taiga-client-iosTests.release.xcconfig"; path = "Pods/Target Support Files/Pods-taiga-client-iosTests/Pods-taiga-client-iosTests.release.xcconfig"; sourceTree = "<group>"; };
		D427F40F9042C684B9F59147 /* Pods_taiga_client_iosTests.framework */ = {isa = PBXFileReference; explicitFileType = wrapper.framework; includeInIndex = 0; path = Pods_taiga_client_iosTests.framework; sourceTree = BUILT_PRODUCTS_DIR; };
/* End PBXFileReference section */

/* Begin PBXFrameworksBuildPhase section */
		B4C2A4511E51B1DB000A92CF /* Frameworks */ = {
			isa = PBXFrameworksBuildPhase;
			buildActionMask = 2147483647;
			files = (
				46F17142EE1B6484F358A328 /* Pods_taiga_client_ios.framework in Frameworks */,
			);
			runOnlyForDeploymentPostprocessing = 0;
		};
		B4C2A4681E51B1DB000A92CF /* Frameworks */ = {
			isa = PBXFrameworksBuildPhase;
			buildActionMask = 2147483647;
			files = (
				A93F261788B83805DA03D42A /* Pods_taiga_client_iosTests.framework in Frameworks */,
			);
			runOnlyForDeploymentPostprocessing = 0;
		};
		B4C2A4731E51B1DB000A92CF /* Frameworks */ = {
			isa = PBXFrameworksBuildPhase;
			buildActionMask = 2147483647;
			files = (
				8512B89B9D81F96A1ACA1D77 /* Pods_taiga_client_iosUITests.framework in Frameworks */,
			);
			runOnlyForDeploymentPostprocessing = 0;
		};
/* End PBXFrameworksBuildPhase section */

/* Begin PBXGroup section */
		0BF52A384F3F75C0694D4A90 /* Frameworks */ = {
			isa = PBXGroup;
			children = (
				581DDF2247ABEBD787A48550 /* Pods_taiga_client_ios.framework */,
				D427F40F9042C684B9F59147 /* Pods_taiga_client_iosTests.framework */,
				69C060362E422E02D104C7C1 /* Pods_taiga_client_iosUITests.framework */,
			);
			name = Frameworks;
			sourceTree = "<group>";
		};
		1441159784985F5321F18794 /* Pods */ = {
			isa = PBXGroup;
			children = (
				3C4BA92FB7FD1097D32DBBDA /* Pods-taiga-client-ios.debug.xcconfig */,
				86512E550DA31C495B14847A /* Pods-taiga-client-ios.release.xcconfig */,
				7DE4B01FDC460C2D49984A5C /* Pods-taiga-client-iosTests.debug.xcconfig */,
				B9EE5E1618713DED34C3D4E2 /* Pods-taiga-client-iosTests.release.xcconfig */,
				B77A4A6E00B47878835153E0 /* Pods-taiga-client-iosUITests.debug.xcconfig */,
				808CCCA0ADBAF948EC6150D8 /* Pods-taiga-client-iosUITests.release.xcconfig */,
			);
			name = Pods;
			sourceTree = "<group>";
		};
		B44775CA1E5348360026C5A1 /* viewcontroller */ = {
			isa = PBXGroup;
			children = (
				B4C2A4591E51B1DB000A92CF /* LoginViewController.swift */,
				B44775C01E5322FC0026C5A1 /* ProjectOverviewViewController.swift */,
			);
			name = viewcontroller;
			sourceTree = "<group>";
		};
		B45BBCF81E51D798009ECB5A /* service */ = {
			isa = PBXGroup;
			children = (
				B45BBCF91E51D7D7009ECB5A /* AuthenticationService.swift */,
				B480C1D11E51E71600A41AD1 /* AuthenticationManager.swift */,
				B44775C21E53242C0026C5A1 /* ProjectService.swift */,
				B44775C41E5326CE0026C5A1 /* ProjectManager.swift */,
				B43EDA681E58550400FA1357 /* UserService.swift */,
				B43EDA6A1E5856DB00FA1357 /* UserManager.swift */,
			);
			name = service;
			sourceTree = "<group>";
		};
		B45BBCFB1E51DDF5009ECB5A /* helper */ = {
			isa = PBXGroup;
			children = (
				B45BBCFC1E51DE0C009ECB5A /* TaigaSettings.swift */,
				B44775C81E5339360026C5A1 /* TaigaAccessTokenPlugin.swift */,
				B44775CB1E545C3C0026C5A1 /* PaginationPlugin.swift */,
			);
			name = helper;
			sourceTree = "<group>";
		};
		B480C1D31E51E8DD00A41AD1 /* model */ = {
			isa = PBXGroup;
			children = (
				B480C1D41E51E8FB00A41AD1 /* UserAuthenticationDetail.swift */,
				B44775C61E5329BD0026C5A1 /* ProjectListEntry.swift */,
				B43EDA661E5852C000FA1357 /* ProjectDetail.swift */,
				B43EDA6C1E5857D000FA1357 /* UserDetail.swift */,
			);
			name = model;
			sourceTree = "<group>";
		};
		B4C2A44B1E51B1DB000A92CF = {
			isa = PBXGroup;
			children = (
				B4C2A4561E51B1DB000A92CF /* taiga-client-ios */,
				B4C2A46E1E51B1DB000A92CF /* taiga-client-iosTests */,
				B4C2A4791E51B1DB000A92CF /* taiga-client-iosUITests */,
				B4C2A4551E51B1DB000A92CF /* Products */,
				1441159784985F5321F18794 /* Pods */,
				0BF52A384F3F75C0694D4A90 /* Frameworks */,
			);
			sourceTree = "<group>";
		};
		B4C2A4551E51B1DB000A92CF /* Products */ = {
			isa = PBXGroup;
			children = (
				B4C2A4541E51B1DB000A92CF /* taiga-client-ios.app */,
				B4C2A46B1E51B1DB000A92CF /* taiga-client-iosTests.xctest */,
				B4C2A4761E51B1DB000A92CF /* taiga-client-iosUITests.xctest */,
			);
			name = Products;
			sourceTree = "<group>";
		};
		B4C2A4561E51B1DB000A92CF /* taiga-client-ios */ = {
			isa = PBXGroup;
			children = (
				B44775CA1E5348360026C5A1 /* viewcontroller */,
				B480C1D31E51E8DD00A41AD1 /* model */,
				B45BBCFB1E51DDF5009ECB5A /* helper */,
				B45BBCF81E51D798009ECB5A /* service */,
				B4C2A45B1E51B1DB000A92CF /* Main.storyboard */,
				B4C2A4571E51B1DB000A92CF /* AppDelegate.swift */,
				B4C2A4611E51B1DB000A92CF /* Assets.xcassets */,
				B4C2A4631E51B1DB000A92CF /* LaunchScreen.storyboard */,
				B4C2A4661E51B1DB000A92CF /* Info.plist */,
				B4C2A45E1E51B1DB000A92CF /* taiga_client_ios.xcdatamodeld */,
			);
			path = "taiga-client-ios";
			sourceTree = "<group>";
		};
		B4C2A46E1E51B1DB000A92CF /* taiga-client-iosTests */ = {
			isa = PBXGroup;
			children = (
				B4C2A46F1E51B1DB000A92CF /* taiga_client_iosTests.swift */,
				B4C2A4711E51B1DB000A92CF /* Info.plist */,
			);
			path = "taiga-client-iosTests";
			sourceTree = "<group>";
		};
		B4C2A4791E51B1DB000A92CF /* taiga-client-iosUITests */ = {
			isa = PBXGroup;
			children = (
				B4C2A47A1E51B1DB000A92CF /* taiga_client_iosUITests.swift */,
				B4C2A47C1E51B1DB000A92CF /* Info.plist */,
			);
			path = "taiga-client-iosUITests";
			sourceTree = "<group>";
		};
/* End PBXGroup section */

/* Begin PBXNativeTarget section */
		B4C2A4531E51B1DB000A92CF /* taiga-client-ios */ = {
			isa = PBXNativeTarget;
			buildConfigurationList = B4C2A47F1E51B1DB000A92CF /* Build configuration list for PBXNativeTarget "taiga-client-ios" */;
			buildPhases = (
				14B55AA37D72C11B88341E48 /* [CP] Check Pods Manifest.lock */,
				B4C2A4501E51B1DB000A92CF /* Sources */,
				B4C2A4511E51B1DB000A92CF /* Frameworks */,
				B4C2A4521E51B1DB000A92CF /* Resources */,
				9A307FC15883E5A76E5959D9 /* [CP] Embed Pods Frameworks */,
				8CCD0FD0F9F4558435D89849 /* [CP] Copy Pods Resources */,
			);
			buildRules = (
			);
			dependencies = (
			);
			name = "taiga-client-ios";
			productName = "taiga-client-ios";
			productReference = B4C2A4541E51B1DB000A92CF /* taiga-client-ios.app */;
			productType = "com.apple.product-type.application";
		};
		B4C2A46A1E51B1DB000A92CF /* taiga-client-iosTests */ = {
			isa = PBXNativeTarget;
			buildConfigurationList = B4C2A4821E51B1DB000A92CF /* Build configuration list for PBXNativeTarget "taiga-client-iosTests" */;
			buildPhases = (
				6E368B73662461568C8D533B /* [CP] Check Pods Manifest.lock */,
				B4C2A4671E51B1DB000A92CF /* Sources */,
				B4C2A4681E51B1DB000A92CF /* Frameworks */,
				B4C2A4691E51B1DB000A92CF /* Resources */,
				B6F0DA5693869EF5D5B6737F /* [CP] Embed Pods Frameworks */,
				FC763166E98DE65BE3E01CDA /* [CP] Copy Pods Resources */,
			);
			buildRules = (
			);
			dependencies = (
				B4C2A46D1E51B1DB000A92CF /* PBXTargetDependency */,
			);
			name = "taiga-client-iosTests";
			productName = "taiga-client-iosTests";
			productReference = B4C2A46B1E51B1DB000A92CF /* taiga-client-iosTests.xctest */;
			productType = "com.apple.product-type.bundle.unit-test";
		};
		B4C2A4751E51B1DB000A92CF /* taiga-client-iosUITests */ = {
			isa = PBXNativeTarget;
			buildConfigurationList = B4C2A4851E51B1DB000A92CF /* Build configuration list for PBXNativeTarget "taiga-client-iosUITests" */;
			buildPhases = (
				D87AB4372523EDA404587C5D /* [CP] Check Pods Manifest.lock */,
				B4C2A4721E51B1DB000A92CF /* Sources */,
				B4C2A4731E51B1DB000A92CF /* Frameworks */,
				B4C2A4741E51B1DB000A92CF /* Resources */,
				75803B3746B7247F999F8C8E /* [CP] Embed Pods Frameworks */,
				347F4CD8CD0A6B835DEFDE43 /* [CP] Copy Pods Resources */,
			);
			buildRules = (
			);
			dependencies = (
				B4C2A4781E51B1DB000A92CF /* PBXTargetDependency */,
			);
			name = "taiga-client-iosUITests";
			productName = "taiga-client-iosUITests";
			productReference = B4C2A4761E51B1DB000A92CF /* taiga-client-iosUITests.xctest */;
			productType = "com.apple.product-type.bundle.ui-testing";
		};
/* End PBXNativeTarget section */

/* Begin PBXProject section */
		B4C2A44C1E51B1DB000A92CF /* Project object */ = {
			isa = PBXProject;
			attributes = {
				LastSwiftUpdateCheck = 0820;
				LastUpgradeCheck = 0820;
				ORGANIZATIONNAME = r31r0c;
				TargetAttributes = {
					B4C2A4531E51B1DB000A92CF = {
						CreatedOnToolsVersion = 8.2.1;
						ProvisioningStyle = Automatic;
					};
					B4C2A46A1E51B1DB000A92CF = {
						CreatedOnToolsVersion = 8.2.1;
						ProvisioningStyle = Automatic;
						TestTargetID = B4C2A4531E51B1DB000A92CF;
					};
					B4C2A4751E51B1DB000A92CF = {
						CreatedOnToolsVersion = 8.2.1;
						ProvisioningStyle = Automatic;
						TestTargetID = B4C2A4531E51B1DB000A92CF;
					};
				};
			};
			buildConfigurationList = B4C2A44F1E51B1DB000A92CF /* Build configuration list for PBXProject "taiga-client-ios" */;
			compatibilityVersion = "Xcode 3.2";
			developmentRegion = English;
			hasScannedForEncodings = 0;
			knownRegions = (
				en,
				Base,
			);
			mainGroup = B4C2A44B1E51B1DB000A92CF;
			productRefGroup = B4C2A4551E51B1DB000A92CF /* Products */;
			projectDirPath = "";
			projectRoot = "";
			targets = (
				B4C2A4531E51B1DB000A92CF /* taiga-client-ios */,
				B4C2A46A1E51B1DB000A92CF /* taiga-client-iosTests */,
				B4C2A4751E51B1DB000A92CF /* taiga-client-iosUITests */,
			);
		};
/* End PBXProject section */

/* Begin PBXResourcesBuildPhase section */
		B4C2A4521E51B1DB000A92CF /* Resources */ = {
			isa = PBXResourcesBuildPhase;
			buildActionMask = 2147483647;
			files = (
				B4C2A4651E51B1DB000A92CF /* LaunchScreen.storyboard in Resources */,
				B4C2A4621E51B1DB000A92CF /* Assets.xcassets in Resources */,
				B4C2A45D1E51B1DB000A92CF /* Main.storyboard in Resources */,
			);
			runOnlyForDeploymentPostprocessing = 0;
		};
		B4C2A4691E51B1DB000A92CF /* Resources */ = {
			isa = PBXResourcesBuildPhase;
			buildActionMask = 2147483647;
			files = (
			);
			runOnlyForDeploymentPostprocessing = 0;
		};
		B4C2A4741E51B1DB000A92CF /* Resources */ = {
			isa = PBXResourcesBuildPhase;
			buildActionMask = 2147483647;
			files = (
			);
			runOnlyForDeploymentPostprocessing = 0;
		};
/* End PBXResourcesBuildPhase section */

/* Begin PBXShellScriptBuildPhase section */
		14B55AA37D72C11B88341E48 /* [CP] Check Pods Manifest.lock */ = {
			isa = PBXShellScriptBuildPhase;
			buildActionMask = 2147483647;
			files = (
			);
			inputPaths = (
			);
			name = "[CP] Check Pods Manifest.lock";
			outputPaths = (
			);
			runOnlyForDeploymentPostprocessing = 0;
			shellPath = /bin/sh;
			shellScript = "diff \"${PODS_ROOT}/../Podfile.lock\" \"${PODS_ROOT}/Manifest.lock\" > /dev/null\nif [ $? != 0 ] ; then\n    # print error to STDERR\n    echo \"error: The sandbox is not in sync with the Podfile.lock. Run 'pod install' or update your CocoaPods installation.\" >&2\n    exit 1\nfi\n";
			showEnvVarsInLog = 0;
		};
		347F4CD8CD0A6B835DEFDE43 /* [CP] Copy Pods Resources */ = {
			isa = PBXShellScriptBuildPhase;
			buildActionMask = 2147483647;
			files = (
			);
			inputPaths = (
			);
			name = "[CP] Copy Pods Resources";
			outputPaths = (
			);
			runOnlyForDeploymentPostprocessing = 0;
			shellPath = /bin/sh;
			shellScript = "\"${SRCROOT}/Pods/Target Support Files/Pods-taiga-client-iosUITests/Pods-taiga-client-iosUITests-resources.sh\"\n";
			showEnvVarsInLog = 0;
		};
		6E368B73662461568C8D533B /* [CP] Check Pods Manifest.lock */ = {
			isa = PBXShellScriptBuildPhase;
			buildActionMask = 2147483647;
			files = (
			);
			inputPaths = (
			);
			name = "[CP] Check Pods Manifest.lock";
			outputPaths = (
			);
			runOnlyForDeploymentPostprocessing = 0;
			shellPath = /bin/sh;
			shellScript = "diff \"${PODS_ROOT}/../Podfile.lock\" \"${PODS_ROOT}/Manifest.lock\" > /dev/null\nif [ $? != 0 ] ; then\n    # print error to STDERR\n    echo \"error: The sandbox is not in sync with the Podfile.lock. Run 'pod install' or update your CocoaPods installation.\" >&2\n    exit 1\nfi\n";
			showEnvVarsInLog = 0;
		};
		75803B3746B7247F999F8C8E /* [CP] Embed Pods Frameworks */ = {
			isa = PBXShellScriptBuildPhase;
			buildActionMask = 2147483647;
			files = (
			);
			inputPaths = (
			);
			name = "[CP] Embed Pods Frameworks";
			outputPaths = (
			);
			runOnlyForDeploymentPostprocessing = 0;
			shellPath = /bin/sh;
			shellScript = "\"${SRCROOT}/Pods/Target Support Files/Pods-taiga-client-iosUITests/Pods-taiga-client-iosUITests-frameworks.sh\"\n";
			showEnvVarsInLog = 0;
		};
		8CCD0FD0F9F4558435D89849 /* [CP] Copy Pods Resources */ = {
			isa = PBXShellScriptBuildPhase;
			buildActionMask = 2147483647;
			files = (
			);
			inputPaths = (
			);
			name = "[CP] Copy Pods Resources";
			outputPaths = (
			);
			runOnlyForDeploymentPostprocessing = 0;
			shellPath = /bin/sh;
			shellScript = "\"${SRCROOT}/Pods/Target Support Files/Pods-taiga-client-ios/Pods-taiga-client-ios-resources.sh\"\n";
			showEnvVarsInLog = 0;
		};
		9A307FC15883E5A76E5959D9 /* [CP] Embed Pods Frameworks */ = {
			isa = PBXShellScriptBuildPhase;
			buildActionMask = 2147483647;
			files = (
			);
			inputPaths = (
			);
			name = "[CP] Embed Pods Frameworks";
			outputPaths = (
			);
			runOnlyForDeploymentPostprocessing = 0;
			shellPath = /bin/sh;
			shellScript = "\"${SRCROOT}/Pods/Target Support Files/Pods-taiga-client-ios/Pods-taiga-client-ios-frameworks.sh\"\n";
			showEnvVarsInLog = 0;
		};
		B6F0DA5693869EF5D5B6737F /* [CP] Embed Pods Frameworks */ = {
			isa = PBXShellScriptBuildPhase;
			buildActionMask = 2147483647;
			files = (
			);
			inputPaths = (
			);
			name = "[CP] Embed Pods Frameworks";
			outputPaths = (
			);
			runOnlyForDeploymentPostprocessing = 0;
			shellPath = /bin/sh;
			shellScript = "\"${SRCROOT}/Pods/Target Support Files/Pods-taiga-client-iosTests/Pods-taiga-client-iosTests-frameworks.sh\"\n";
			showEnvVarsInLog = 0;
		};
		D87AB4372523EDA404587C5D /* [CP] Check Pods Manifest.lock */ = {
			isa = PBXShellScriptBuildPhase;
			buildActionMask = 2147483647;
			files = (
			);
			inputPaths = (
			);
			name = "[CP] Check Pods Manifest.lock";
			outputPaths = (
			);
			runOnlyForDeploymentPostprocessing = 0;
			shellPath = /bin/sh;
			shellScript = "diff \"${PODS_ROOT}/../Podfile.lock\" \"${PODS_ROOT}/Manifest.lock\" > /dev/null\nif [ $? != 0 ] ; then\n    # print error to STDERR\n    echo \"error: The sandbox is not in sync with the Podfile.lock. Run 'pod install' or update your CocoaPods installation.\" >&2\n    exit 1\nfi\n";
			showEnvVarsInLog = 0;
		};
		FC763166E98DE65BE3E01CDA /* [CP] Copy Pods Resources */ = {
			isa = PBXShellScriptBuildPhase;
			buildActionMask = 2147483647;
			files = (
			);
			inputPaths = (
			);
			name = "[CP] Copy Pods Resources";
			outputPaths = (
			);
			runOnlyForDeploymentPostprocessing = 0;
			shellPath = /bin/sh;
			shellScript = "\"${SRCROOT}/Pods/Target Support Files/Pods-taiga-client-iosTests/Pods-taiga-client-iosTests-resources.sh\"\n";
			showEnvVarsInLog = 0;
		};
/* End PBXShellScriptBuildPhase section */

/* Begin PBXSourcesBuildPhase section */
		B4C2A4501E51B1DB000A92CF /* Sources */ = {
			isa = PBXSourcesBuildPhase;
			buildActionMask = 2147483647;
			files = (
				B4C2A45A1E51B1DB000A92CF /* LoginViewController.swift in Sources */,
				B44775C71E5329BD0026C5A1 /* ProjectListEntry.swift in Sources */,
				B44775CC1E545C3C0026C5A1 /* PaginationPlugin.swift in Sources */,
				B4C2A4601E51B1DB000A92CF /* taiga_client_ios.xcdatamodeld in Sources */,
				B45BBCFD1E51DE0C009ECB5A /* TaigaSettings.swift in Sources */,
				B44775C11E5322FC0026C5A1 /* ProjectOverviewViewController.swift in Sources */,
				B43EDA6B1E5856DB00FA1357 /* UserManager.swift in Sources */,
				B480C1D21E51E71600A41AD1 /* AuthenticationManager.swift in Sources */,
				B4C2A4581E51B1DB000A92CF /* AppDelegate.swift in Sources */,
				B480C1D51E51E8FB00A41AD1 /* UserAuthenticationDetail.swift in Sources */,
				B44775C51E5326CE0026C5A1 /* ProjectManager.swift in Sources */,
				B43EDA6D1E5857D000FA1357 /* UserDetail.swift in Sources */,
				B43EDA671E5852C000FA1357 /* ProjectDetail.swift in Sources */,
				B43EDA691E58550400FA1357 /* UserService.swift in Sources */,
				B45BBCFA1E51D7D7009ECB5A /* AuthenticationService.swift in Sources */,
				B44775C31E53242C0026C5A1 /* ProjectService.swift in Sources */,
				B44775C91E5339360026C5A1 /* TaigaAccessTokenPlugin.swift in Sources */,
			);
			runOnlyForDeploymentPostprocessing = 0;
		};
		B4C2A4671E51B1DB000A92CF /* Sources */ = {
			isa = PBXSourcesBuildPhase;
			buildActionMask = 2147483647;
			files = (
				B4C2A4701E51B1DB000A92CF /* taiga_client_iosTests.swift in Sources */,
			);
			runOnlyForDeploymentPostprocessing = 0;
		};
		B4C2A4721E51B1DB000A92CF /* Sources */ = {
			isa = PBXSourcesBuildPhase;
			buildActionMask = 2147483647;
			files = (
				B4C2A47B1E51B1DB000A92CF /* taiga_client_iosUITests.swift in Sources */,
			);
			runOnlyForDeploymentPostprocessing = 0;
		};
/* End PBXSourcesBuildPhase section */

/* Begin PBXTargetDependency section */
		B4C2A46D1E51B1DB000A92CF /* PBXTargetDependency */ = {
			isa = PBXTargetDependency;
			target = B4C2A4531E51B1DB000A92CF /* taiga-client-ios */;
			targetProxy = B4C2A46C1E51B1DB000A92CF /* PBXContainerItemProxy */;
		};
		B4C2A4781E51B1DB000A92CF /* PBXTargetDependency */ = {
			isa = PBXTargetDependency;
			target = B4C2A4531E51B1DB000A92CF /* taiga-client-ios */;
			targetProxy = B4C2A4771E51B1DB000A92CF /* PBXContainerItemProxy */;
		};
/* End PBXTargetDependency section */

/* Begin PBXVariantGroup section */
		B4C2A45B1E51B1DB000A92CF /* Main.storyboard */ = {
			isa = PBXVariantGroup;
			children = (
				B4C2A45C1E51B1DB000A92CF /* Base */,
			);
			name = Main.storyboard;
			sourceTree = "<group>";
		};
		B4C2A4631E51B1DB000A92CF /* LaunchScreen.storyboard */ = {
			isa = PBXVariantGroup;
			children = (
				B4C2A4641E51B1DB000A92CF /* Base */,
			);
			name = LaunchScreen.storyboard;
			sourceTree = "<group>";
		};
/* End PBXVariantGroup section */

/* Begin XCBuildConfiguration section */
		B4C2A47D1E51B1DB000A92CF /* Debug */ = {
			isa = XCBuildConfiguration;
			buildSettings = {
				ALWAYS_SEARCH_USER_PATHS = NO;
				CLANG_ANALYZER_NONNULL = YES;
				CLANG_CXX_LANGUAGE_STANDARD = "gnu++0x";
				CLANG_CXX_LIBRARY = "libc++";
				CLANG_ENABLE_MODULES = YES;
				CLANG_ENABLE_OBJC_ARC = YES;
				CLANG_WARN_BOOL_CONVERSION = YES;
				CLANG_WARN_CONSTANT_CONVERSION = YES;
				CLANG_WARN_DIRECT_OBJC_ISA_USAGE = YES_ERROR;
				CLANG_WARN_DOCUMENTATION_COMMENTS = YES;
				CLANG_WARN_EMPTY_BODY = YES;
				CLANG_WARN_ENUM_CONVERSION = YES;
				CLANG_WARN_INFINITE_RECURSION = YES;
				CLANG_WARN_INT_CONVERSION = YES;
				CLANG_WARN_OBJC_ROOT_CLASS = YES_ERROR;
				CLANG_WARN_SUSPICIOUS_MOVE = YES;
				CLANG_WARN_UNREACHABLE_CODE = YES;
				CLANG_WARN__DUPLICATE_METHOD_MATCH = YES;
				"CODE_SIGN_IDENTITY[sdk=iphoneos*]" = "iPhone Developer";
				COPY_PHASE_STRIP = NO;
				DEBUG_INFORMATION_FORMAT = dwarf;
				ENABLE_STRICT_OBJC_MSGSEND = YES;
				ENABLE_TESTABILITY = YES;
				GCC_C_LANGUAGE_STANDARD = gnu99;
				GCC_DYNAMIC_NO_PIC = NO;
				GCC_NO_COMMON_BLOCKS = YES;
				GCC_OPTIMIZATION_LEVEL = 0;
				GCC_PREPROCESSOR_DEFINITIONS = (
					"DEBUG=1",
					"$(inherited)",
				);
				GCC_WARN_64_TO_32_BIT_CONVERSION = YES;
				GCC_WARN_ABOUT_RETURN_TYPE = YES_ERROR;
				GCC_WARN_UNDECLARED_SELECTOR = YES;
				GCC_WARN_UNINITIALIZED_AUTOS = YES_AGGRESSIVE;
				GCC_WARN_UNUSED_FUNCTION = YES;
				GCC_WARN_UNUSED_VARIABLE = YES;
				IPHONEOS_DEPLOYMENT_TARGET = 10.2;
				MTL_ENABLE_DEBUG_INFO = YES;
				ONLY_ACTIVE_ARCH = YES;
				SDKROOT = iphoneos;
				SWIFT_ACTIVE_COMPILATION_CONDITIONS = DEBUG;
				SWIFT_OPTIMIZATION_LEVEL = "-Onone";
				TARGETED_DEVICE_FAMILY = "1,2";
			};
			name = Debug;
		};
		B4C2A47E1E51B1DB000A92CF /* Release */ = {
			isa = XCBuildConfiguration;
			buildSettings = {
				ALWAYS_SEARCH_USER_PATHS = NO;
				CLANG_ANALYZER_NONNULL = YES;
				CLANG_CXX_LANGUAGE_STANDARD = "gnu++0x";
				CLANG_CXX_LIBRARY = "libc++";
				CLANG_ENABLE_MODULES = YES;
				CLANG_ENABLE_OBJC_ARC = YES;
				CLANG_WARN_BOOL_CONVERSION = YES;
				CLANG_WARN_CONSTANT_CONVERSION = YES;
				CLANG_WARN_DIRECT_OBJC_ISA_USAGE = YES_ERROR;
				CLANG_WARN_DOCUMENTATION_COMMENTS = YES;
				CLANG_WARN_EMPTY_BODY = YES;
				CLANG_WARN_ENUM_CONVERSION = YES;
				CLANG_WARN_INFINITE_RECURSION = YES;
				CLANG_WARN_INT_CONVERSION = YES;
				CLANG_WARN_OBJC_ROOT_CLASS = YES_ERROR;
				CLANG_WARN_SUSPICIOUS_MOVE = YES;
				CLANG_WARN_UNREACHABLE_CODE = YES;
				CLANG_WARN__DUPLICATE_METHOD_MATCH = YES;
				"CODE_SIGN_IDENTITY[sdk=iphoneos*]" = "iPhone Developer";
				COPY_PHASE_STRIP = NO;
				DEBUG_INFORMATION_FORMAT = "dwarf-with-dsym";
				ENABLE_NS_ASSERTIONS = NO;
				ENABLE_STRICT_OBJC_MSGSEND = YES;
				GCC_C_LANGUAGE_STANDARD = gnu99;
				GCC_NO_COMMON_BLOCKS = YES;
				GCC_WARN_64_TO_32_BIT_CONVERSION = YES;
				GCC_WARN_ABOUT_RETURN_TYPE = YES_ERROR;
				GCC_WARN_UNDECLARED_SELECTOR = YES;
				GCC_WARN_UNINITIALIZED_AUTOS = YES_AGGRESSIVE;
				GCC_WARN_UNUSED_FUNCTION = YES;
				GCC_WARN_UNUSED_VARIABLE = YES;
				IPHONEOS_DEPLOYMENT_TARGET = 10.2;
				MTL_ENABLE_DEBUG_INFO = NO;
				SDKROOT = iphoneos;
				SWIFT_OPTIMIZATION_LEVEL = "-Owholemodule";
				TARGETED_DEVICE_FAMILY = "1,2";
				VALIDATE_PRODUCT = YES;
			};
			name = Release;
		};
		B4C2A4801E51B1DB000A92CF /* Debug */ = {
			isa = XCBuildConfiguration;
			baseConfigurationReference = 3C4BA92FB7FD1097D32DBBDA /* Pods-taiga-client-ios.debug.xcconfig */;
			buildSettings = {
				ASSETCATALOG_COMPILER_APPICON_NAME = AppIcon;
				INFOPLIST_FILE = "taiga-client-ios/Info.plist";
				LD_RUNPATH_SEARCH_PATHS = "$(inherited) @executable_path/Frameworks";
				PRODUCT_BUNDLE_IDENTIFIER = "at.r31r0c.taiga-client-ios";
				PRODUCT_NAME = "$(TARGET_NAME)";
				SWIFT_VERSION = 3.0;
			};
			name = Debug;
		};
		B4C2A4811E51B1DB000A92CF /* Release */ = {
			isa = XCBuildConfiguration;
			baseConfigurationReference = 86512E550DA31C495B14847A /* Pods-taiga-client-ios.release.xcconfig */;
			buildSettings = {
				ASSETCATALOG_COMPILER_APPICON_NAME = AppIcon;
				INFOPLIST_FILE = "taiga-client-ios/Info.plist";
				LD_RUNPATH_SEARCH_PATHS = "$(inherited) @executable_path/Frameworks";
				PRODUCT_BUNDLE_IDENTIFIER = "at.r31r0c.taiga-client-ios";
				PRODUCT_NAME = "$(TARGET_NAME)";
				SWIFT_VERSION = 3.0;
			};
			name = Release;
		};
		B4C2A4831E51B1DB000A92CF /* Debug */ = {
			isa = XCBuildConfiguration;
			baseConfigurationReference = 7DE4B01FDC460C2D49984A5C /* Pods-taiga-client-iosTests.debug.xcconfig */;
			buildSettings = {
				ALWAYS_EMBED_SWIFT_STANDARD_LIBRARIES = YES;
				BUNDLE_LOADER = "$(TEST_HOST)";
				INFOPLIST_FILE = "taiga-client-iosTests/Info.plist";
				LD_RUNPATH_SEARCH_PATHS = "$(inherited) @executable_path/Frameworks @loader_path/Frameworks";
				PRODUCT_BUNDLE_IDENTIFIER = "at.r31r0c.taiga-client-iosTests";
				PRODUCT_NAME = "$(TARGET_NAME)";
				SWIFT_VERSION = 3.0;
				TEST_HOST = "$(BUILT_PRODUCTS_DIR)/taiga-client-ios.app/taiga-client-ios";
			};
			name = Debug;
		};
		B4C2A4841E51B1DB000A92CF /* Release */ = {
			isa = XCBuildConfiguration;
			baseConfigurationReference = B9EE5E1618713DED34C3D4E2 /* Pods-taiga-client-iosTests.release.xcconfig */;
			buildSettings = {
				ALWAYS_EMBED_SWIFT_STANDARD_LIBRARIES = YES;
				BUNDLE_LOADER = "$(TEST_HOST)";
				INFOPLIST_FILE = "taiga-client-iosTests/Info.plist";
				LD_RUNPATH_SEARCH_PATHS = "$(inherited) @executable_path/Frameworks @loader_path/Frameworks";
				PRODUCT_BUNDLE_IDENTIFIER = "at.r31r0c.taiga-client-iosTests";
				PRODUCT_NAME = "$(TARGET_NAME)";
				SWIFT_VERSION = 3.0;
				TEST_HOST = "$(BUILT_PRODUCTS_DIR)/taiga-client-ios.app/taiga-client-ios";
			};
			name = Release;
		};
		B4C2A4861E51B1DB000A92CF /* Debug */ = {
			isa = XCBuildConfiguration;
			baseConfigurationReference = B77A4A6E00B47878835153E0 /* Pods-taiga-client-iosUITests.debug.xcconfig */;
			buildSettings = {
				ALWAYS_EMBED_SWIFT_STANDARD_LIBRARIES = YES;
				INFOPLIST_FILE = "taiga-client-iosUITests/Info.plist";
				LD_RUNPATH_SEARCH_PATHS = "$(inherited) @executable_path/Frameworks @loader_path/Frameworks";
				PRODUCT_BUNDLE_IDENTIFIER = "at.r31r0c.taiga-client-iosUITests";
				PRODUCT_NAME = "$(TARGET_NAME)";
				SWIFT_VERSION = 3.0;
				TEST_TARGET_NAME = "taiga-client-ios";
			};
			name = Debug;
		};
		B4C2A4871E51B1DB000A92CF /* Release */ = {
			isa = XCBuildConfiguration;
			baseConfigurationReference = 808CCCA0ADBAF948EC6150D8 /* Pods-taiga-client-iosUITests.release.xcconfig */;
			buildSettings = {
				ALWAYS_EMBED_SWIFT_STANDARD_LIBRARIES = YES;
				INFOPLIST_FILE = "taiga-client-iosUITests/Info.plist";
				LD_RUNPATH_SEARCH_PATHS = "$(inherited) @executable_path/Frameworks @loader_path/Frameworks";
				PRODUCT_BUNDLE_IDENTIFIER = "at.r31r0c.taiga-client-iosUITests";
				PRODUCT_NAME = "$(TARGET_NAME)";
				SWIFT_VERSION = 3.0;
				TEST_TARGET_NAME = "taiga-client-ios";
			};
			name = Release;
		};
/* End XCBuildConfiguration section */

/* Begin XCConfigurationList section */
		B4C2A44F1E51B1DB000A92CF /* Build configuration list for PBXProject "taiga-client-ios" */ = {
			isa = XCConfigurationList;
			buildConfigurations = (
				B4C2A47D1E51B1DB000A92CF /* Debug */,
				B4C2A47E1E51B1DB000A92CF /* Release */,
			);
			defaultConfigurationIsVisible = 0;
			defaultConfigurationName = Release;
		};
		B4C2A47F1E51B1DB000A92CF /* Build configuration list for PBXNativeTarget "taiga-client-ios" */ = {
			isa = XCConfigurationList;
			buildConfigurations = (
				B4C2A4801E51B1DB000A92CF /* Debug */,
				B4C2A4811E51B1DB000A92CF /* Release */,
			);
			defaultConfigurationIsVisible = 0;
			defaultConfigurationName = Release;
		};
		B4C2A4821E51B1DB000A92CF /* Build configuration list for PBXNativeTarget "taiga-client-iosTests" */ = {
			isa = XCConfigurationList;
			buildConfigurations = (
				B4C2A4831E51B1DB000A92CF /* Debug */,
				B4C2A4841E51B1DB000A92CF /* Release */,
			);
			defaultConfigurationIsVisible = 0;
			defaultConfigurationName = Release;
		};
		B4C2A4851E51B1DB000A92CF /* Build configuration list for PBXNativeTarget "taiga-client-iosUITests" */ = {
			isa = XCConfigurationList;
			buildConfigurations = (
				B4C2A4861E51B1DB000A92CF /* Debug */,
				B4C2A4871E51B1DB000A92CF /* Release */,
			);
			defaultConfigurationIsVisible = 0;
			defaultConfigurationName = Release;
		};
/* End XCConfigurationList section */

/* Begin XCVersionGroup section */
		B4C2A45E1E51B1DB000A92CF /* taiga_client_ios.xcdatamodeld */ = {
			isa = XCVersionGroup;
			children = (
				B4C2A45F1E51B1DB000A92CF /* taiga_client_ios.xcdatamodel */,
			);
			currentVersion = B4C2A45F1E51B1DB000A92CF /* taiga_client_ios.xcdatamodel */;
			path = taiga_client_ios.xcdatamodeld;
			sourceTree = "<group>";
			versionGroupType = wrapper.xcdatamodel;
		};
/* End XCVersionGroup section */
	};
	rootObject = B4C2A44C1E51B1DB000A92CF /* Project object */;
}
