PODS:
  - Alamofire (4.3.0)
  - Moya (8.0.2):
    - Moya/Core (= 8.0.2)
  - Moya/Core (8.0.2):
    - Alamofire (~> 4.1)
    - Result (~> 3.0)
  - Result (3.1.0)
  - SwiftKeychainWrapper (3.0.1)
  - SwiftyJSON (3.1.4)
  - Toast-Swift (2.0.0)

DEPENDENCIES:
  - Moya
  - SwiftKeychainWrapper
  - SwiftyJSON
  - Toast-Swift

SPEC CHECKSUMS:
  Alamofire: 856a113053a7bc9cbe5d6367a555d773fc5cfef7
  Moya: 47f61da5b634aa71f676431b64ee0f81e976296d
  Result: 4e3ed5995ed94d0cd6a09be9a431fce3f3624bbf
  SwiftKeychainWrapper: 38952a3636320ae61bad3513cadd870929de7a4a
  SwiftyJSON: c2842d878f95482ffceec5709abc3d05680c0220
  Toast-Swift: 5b2f8f720f7e78e48511f693df1f9c9a6e38a25a

PODFILE CHECKSUM: 386f135fea7879edfba62f45176f2b45be29d9d7

COCOAPODS: 1.2.0
